<?xml version="1.0" encoding="utf-8"?>
<Project ToolsVersion="4.0" xmlns="http://schemas.microsoft.com/developer/msbuild/2003">
  <ItemGroup>
    <Filter Include="Source Files">
      <UniqueIdentifier>{4FC737F1-C7A5-4376-A066-2A32D752A2FF}</UniqueIdentifier>
      <Extensions>cpp;c;cc;cxx;c++;cppm;ixx;def;odl;idl;hpj;bat;asm;asmx</Extensions>
    </Filter>
    <Filter Include="Header Files">
      <UniqueIdentifier>{93995380-89BD-4b04-88EB-625FBE52EBFB}</UniqueIdentifier>
      <Extensions>h;hh;hpp;hxx;h++;hm;inl;inc;ipp;xsd</Extensions>
    </Filter>
    <Filter Include="Resource Files">
      <UniqueIdentifier>{67DA6AB6-F800-4c08-8B7A-83BB121AAD01}</UniqueIdentifier>
      <Extensions>rc;ico;cur;bmp;dlg;rc2;rct;bin;rgs;gif;jpg;jpeg;jpe;resx;tiff;tif;png;wav;mfcribbon-ms</Extensions>
    </Filter>
    <Filter Include="Engine Files">
      <UniqueIdentifier>{eec9b9d8-5c8d-42ed-bcd5-c8b4d6daa1ef}</UniqueIdentifier>
    </Filter>
    <Filter Include="Engine Files\Headder">
      <UniqueIdentifier>{feea80f8-6bec-4639-a7e7-a5f5b81dc374}</UniqueIdentifier>
    </Filter>
    <Filter Include="Engine Files\Source">
      <UniqueIdentifier>{d0bf4ed2-e695-4585-b2df-b0cc36fbb8ef}</UniqueIdentifier>
    </Filter>
  </ItemGroup>
  <ItemGroup>
    <ClCompile Include="main.cpp">
      <Filter>Source Files</Filter>
    </ClCompile>
    <ClCompile Include="Engine.cpp">
      <Filter>Engine Files\Source</Filter>
    </ClCompile>
    <ClCompile Include="Graphics.cpp">
      <Filter>Engine Files\Source</Filter>
    </ClCompile>
    <ClCompile Include="Actor.cpp">
      <Filter>Engine Files\Source</Filter>
    </ClCompile>
  </ItemGroup>
  <ItemGroup>
    <ClInclude Include="Engine.h">
      <Filter>Engine Files\Headder</Filter>
    </ClInclude>
    <ClInclude Include="Graphics.h">
      <Filter>Engine Files\Headder</Filter>
    </ClInclude>
    <ClInclude Include="Actor.h">
      <Filter>Engine Files\Headder</Filter>
    </ClInclude>
    <ClInclude Include="AnimDataStruct.h">
      <Filter>Engine Files\Headder</Filter>
    </ClInclude>
  </ItemGroup>
</Project>